
Microsoft Visual Studio Solution File, Format Version 12.00
# Visual Studio Version 16
VisualStudioVersion = 16.0.28922.388
MinimumVisualStudioVersion = 10.0.40219.1
Project("{FAE04EC0-301F-11D3-BF4B-00C04F79EFBC}") = "BlinkStickAmbiLight", "BlinkStickAmbiLight\BlinkStickAmbiLight.csproj", "{5B6D01BD-71FA-451F-99BD-C41DC91FC7ED}"
EndProject
Global
	GlobalSection(SolutionConfigurationPlatforms) = preSolution
		Debug|Any CPU = Debug|Any CPU
		Debug|x64 = Debug|x64
		Release|Any CPU = Release|Any CPU
		Release|x64 = Release|x64
	EndGlobalSection
	GlobalSection(ProjectConfigurationPlatforms) = postSolution
		{5B6D01BD-71FA-451F-99BD-C41DC91FC7ED}.Debug|Any CPU.ActiveCfg = Debug|Any CPU
		{5B6D01BD-71FA-451F-99BD-C41DC91FC7ED}.Debug|Any CPU.Build.0 = Debug|Any CPU
		{5B6D01BD-71FA-451F-99BD-C41DC91FC7ED}.Debug|x64.ActiveCfg = Debug|x64
		{5B6D01BD-71FA-451F-99BD-C41DC91FC7ED}.Debug|x64.Build.0 = Debug|x64
		{5B6D01BD-71FA-451F-99BD-C41DC91FC7ED}.Release|Any CPU.ActiveCfg = Release|Any CPU
		{5B6D01BD-71FA-451F-99BD-C41DC91FC7ED}.Release|Any CPU.Build.0 = Release|Any CPU
		{5B6D01BD-71FA-451F-99BD-C41DC91FC7ED}.Release|x64.ActiveCfg = Release|x64
		{5B6D01BD-71FA-451F-99BD-C41DC91FC7ED}.Release|x64.Build.0 = Release|x64
	EndGlobalSection
	GlobalSection(SolutionProperties) = preSolution
		HideSolutionNode = FALSE
	EndGlobalSection
	GlobalSection(ExtensibilityGlobals) = postSolution
		SolutionGuid = {3F77D2B3-8A02-4116-8D81-1346942687BA}
	EndGlobalSection
EndGlobal
